
Microsoft Visual Studio Solution File, Format Version 12.00
# Visual Studio Version 16
VisualStudioVersion = 16.0.33529.622
MinimumVisualStudioVersion = 10.0.40219.1
Project("{8BC9CEB8-8B4A-11D0-8D11-00A0C91BC942}") = "7m_lesson", "7m_lesson\7m_lesson.vcxproj", "{942A31C4-C013-4978-930F-2AA92B0EA9F6}"
EndProject
Project("{8BC9CEB8-8B4A-11D0-8D11-00A0C91BC942}") = "0702", "0702\0702.vcxproj", "{0041EE14-EF12-428C-A631-06ABD6C438CC}"
EndProject
Project("{8BC9CEB8-8B4A-11D0-8D11-00A0C91BC942}") = "0703", "0702_1\0702_1.vcxproj", "{816F938E-A96A-4053-901F-AE31491D2DE6}"
EndProject
Project("{8BC9CEB8-8B4A-11D0-8D11-00A0C91BC942}") = "0703_1", "0703_1\0703_1.vcxproj", "{DDAA3BF6-BAC3-4CCE-9482-52D609C38C45}"
EndProject
Project("{8BC9CEB8-8B4A-11D0-8D11-00A0C91BC942}") = "0708", "0708\0708.vcxproj", "{2CBDF46E-FAAF-4EB1-B15C-2267D29143BB}"
EndProject
Project("{8BC9CEB8-8B4A-11D0-8D11-00A0C91BC942}") = "0708_1", "0708_1\0708_1.vcxproj", "{EE13011F-8D31-4653-9702-D6A54E65DE2E}"
EndProject
Project("{8BC9CEB8-8B4A-11D0-8D11-00A0C91BC942}") = "0708_2", "0708_2\0708_2.vcxproj", "{FCF31C88-D749-4D92-A584-EBEA41203986}"
EndProject
Global
	GlobalSection(SolutionConfigurationPlatforms) = preSolution
		Debug|x64 = Debug|x64
		Debug|x86 = Debug|x86
		Release|x64 = Release|x64
		Release|x86 = Release|x86
	EndGlobalSection
	GlobalSection(ProjectConfigurationPlatforms) = postSolution
		{942A31C4-C013-4978-930F-2AA92B0EA9F6}.Debug|x64.ActiveCfg = Debug|x64
		{942A31C4-C013-4978-930F-2AA92B0EA9F6}.Debug|x64.Build.0 = Debug|x64
		{942A31C4-C013-4978-930F-2AA92B0EA9F6}.Debug|x86.ActiveCfg = Debug|Win32
		{942A31C4-C013-4978-930F-2AA92B0EA9F6}.Debug|x86.Build.0 = Debug|Win32
		{942A31C4-C013-4978-930F-2AA92B0EA9F6}.Release|x64.ActiveCfg = Release|x64
		{942A31C4-C013-4978-930F-2AA92B0EA9F6}.Release|x64.Build.0 = Release|x64
		{942A31C4-C013-4978-930F-2AA92B0EA9F6}.Release|x86.ActiveCfg = Release|Win32
		{942A31C4-C013-4978-930F-2AA92B0EA9F6}.Release|x86.Build.0 = Release|Win32
		{0041EE14-EF12-428C-A631-06ABD6C438CC}.Debug|x64.ActiveCfg = Debug|x64
		{0041EE14-EF12-428C-A631-06ABD6C438CC}.Debug|x64.Build.0 = Debug|x64
		{0041EE14-EF12-428C-A631-06ABD6C438CC}.Debug|x86.ActiveCfg = Debug|Win32
		{0041EE14-EF12-428C-A631-06ABD6C438CC}.Debug|x86.Build.0 = Debug|Win32
		{0041EE14-EF12-428C-A631-06ABD6C438CC}.Release|x64.ActiveCfg = Release|x64
		{0041EE14-EF12-428C-A631-06ABD6C438CC}.Release|x64.Build.0 = Release|x64
		{0041EE14-EF12-428C-A631-06ABD6C438CC}.Release|x86.ActiveCfg = Release|Win32
		{0041EE14-EF12-428C-A631-06ABD6C438CC}.Release|x86.Build.0 = Release|Win32
		{816F938E-A96A-4053-901F-AE31491D2DE6}.Debug|x64.ActiveCfg = Debug|x64
		{816F938E-A96A-4053-901F-AE31491D2DE6}.Debug|x64.Build.0 = Debug|x64
		{816F938E-A96A-4053-901F-AE31491D2DE6}.Debug|x86.ActiveCfg = Debug|Win32
		{816F938E-A96A-4053-901F-AE31491D2DE6}.Debug|x86.Build.0 = Debug|Win32
		{816F938E-A96A-4053-901F-AE31491D2DE6}.Release|x64.ActiveCfg = Release|x64
		{816F938E-A96A-4053-901F-AE31491D2DE6}.Release|x64.Build.0 = Release|x64
		{816F938E-A96A-4053-901F-AE31491D2DE6}.Release|x86.ActiveCfg = Release|Win32
		{816F938E-A96A-4053-901F-AE31491D2DE6}.Release|x86.Build.0 = Release|Win32
		{DDAA3BF6-BAC3-4CCE-9482-52D609C38C45}.Debug|x64.ActiveCfg = Debug|x64
		{DDAA3BF6-BAC3-4CCE-9482-52D609C38C45}.Debug|x64.Build.0 = Debug|x64
		{DDAA3BF6-BAC3-4CCE-9482-52D609C38C45}.Debug|x86.ActiveCfg = Debug|Win32
		{DDAA3BF6-BAC3-4CCE-9482-52D609C38C45}.Debug|x86.Build.0 = Debug|Win32
		{DDAA3BF6-BAC3-4CCE-9482-52D609C38C45}.Release|x64.ActiveCfg = Release|x64
		{DDAA3BF6-BAC3-4CCE-9482-52D609C38C45}.Release|x64.Build.0 = Release|x64
		{DDAA3BF6-BAC3-4CCE-9482-52D609C38C45}.Release|x86.ActiveCfg = Release|Win32
		{DDAA3BF6-BAC3-4CCE-9482-52D609C38C45}.Release|x86.Build.0 = Release|Win32
		{2CBDF46E-FAAF-4EB1-B15C-2267D29143BB}.Debug|x64.ActiveCfg = Debug|x64
		{2CBDF46E-FAAF-4EB1-B15C-2267D29143BB}.Debug|x64.Build.0 = Debug|x64
		{2CBDF46E-FAAF-4EB1-B15C-2267D29143BB}.Debug|x86.ActiveCfg = Debug|Win32
		{2CBDF46E-FAAF-4EB1-B15C-2267D29143BB}.Debug|x86.Build.0 = Debug|Win32
		{2CBDF46E-FAAF-4EB1-B15C-2267D29143BB}.Release|x64.ActiveCfg = Release|x64
		{2CBDF46E-FAAF-4EB1-B15C-2267D29143BB}.Release|x64.Build.0 = Release|x64
		{2CBDF46E-FAAF-4EB1-B15C-2267D29143BB}.Release|x86.ActiveCfg = Release|Win32
		{2CBDF46E-FAAF-4EB1-B15C-2267D29143BB}.Release|x86.Build.0 = Release|Win32
		{EE13011F-8D31-4653-9702-D6A54E65DE2E}.Debug|x64.ActiveCfg = Debug|x64
		{EE13011F-8D31-4653-9702-D6A54E65DE2E}.Debug|x64.Build.0 = Debug|x64
		{EE13011F-8D31-4653-9702-D6A54E65DE2E}.Debug|x86.ActiveCfg = Debug|Win32
		{EE13011F-8D31-4653-9702-D6A54E65DE2E}.Debug|x86.Build.0 = Debug|Win32
		{EE13011F-8D31-4653-9702-D6A54E65DE2E}.Release|x64.ActiveCfg = Release|x64
		{EE13011F-8D31-4653-9702-D6A54E65DE2E}.Release|x64.Build.0 = Release|x64
		{EE13011F-8D31-4653-9702-D6A54E65DE2E}.Release|x86.ActiveCfg = Release|Win32
		{EE13011F-8D31-4653-9702-D6A54E65DE2E}.Release|x86.Build.0 = Release|Win32
		{FCF31C88-D749-4D92-A584-EBEA41203986}.Debug|x64.ActiveCfg = Debug|x64
		{FCF31C88-D749-4D92-A584-EBEA41203986}.Debug|x64.Build.0 = Debug|x64
		{FCF31C88-D749-4D92-A584-EBEA41203986}.Debug|x86.ActiveCfg = Debug|Win32
		{FCF31C88-D749-4D92-A584-EBEA41203986}.Debug|x86.Build.0 = Debug|Win32
		{FCF31C88-D749-4D92-A584-EBEA41203986}.Release|x64.ActiveCfg = Release|x64
		{FCF31C88-D749-4D92-A584-EBEA41203986}.Release|x64.Build.0 = Release|x64
		{FCF31C88-D749-4D92-A584-EBEA41203986}.Release|x86.ActiveCfg = Release|Win32
		{FCF31C88-D749-4D92-A584-EBEA41203986}.Release|x86.Build.0 = Release|Win32
	EndGlobalSection
	GlobalSection(SolutionProperties) = preSolution
		HideSolutionNode = FALSE
	EndGlobalSection
	GlobalSection(ExtensibilityGlobals) = postSolution
		SolutionGuid = {AC10E208-690E-4BFB-AA8B-3DEAB09B78B8}
	EndGlobalSection
EndGlobal
